
Microsoft Visual Studio Solution File, Format Version 12.00
# Visual Studio 15
VisualStudioVersion = 15.0.26124.0
MinimumVisualStudioVersion = 15.0.26124.0
Project("{2150E333-8FDC-42A3-9474-1A3956D46DE8}") = "src", "src", "{36E32414-972A-4F3F-BE91-3B3EDAE1A46C}"
EndProject
Project("{F2A71F9B-5D33-465A-A702-920D77279786}") = "Parser", "src\Parser\Parser.fsproj", "{A34A98B8-8674-4756-B767-A06091036359}"
EndProject
Project("{2150E333-8FDC-42A3-9474-1A3956D46DE8}") = "test", "test", "{90ACD439-BA67-469B-9106-012D45AAFC48}"
EndProject
Project("{F2A71F9B-5D33-465A-A702-920D77279786}") = "ParserTests", "test\ParserTests\ParserTests.fsproj", "{C60D2466-B84D-4469-9336-48C372850359}"
EndProject
Project("{F2A71F9B-5D33-465A-A702-920D77279786}") = "SemanticAnalyser", "src\SemanticAnalyser\SemanticAnalyser.fsproj", "{30D6E403-93B2-402C-A044-834FE143B8A3}"
EndProject
Project("{F2A71F9B-5D33-465A-A702-920D77279786}") = "SemanticAnalyserTests", "test\SemanticAnalyserTests\SemanticAnalyserTests.fsproj", "{5A5D9A5D-55AC-423E-9940-DBE65B986A85}"
EndProject
Global
	GlobalSection(SolutionConfigurationPlatforms) = preSolution
		Debug|Any CPU = Debug|Any CPU
		Debug|x64 = Debug|x64
		Debug|x86 = Debug|x86
		Release|Any CPU = Release|Any CPU
		Release|x64 = Release|x64
		Release|x86 = Release|x86
	EndGlobalSection
	GlobalSection(SolutionProperties) = preSolution
		HideSolutionNode = FALSE
	EndGlobalSection
	GlobalSection(ProjectConfigurationPlatforms) = postSolution
		{A34A98B8-8674-4756-B767-A06091036359}.Debug|Any CPU.ActiveCfg = Debug|Any CPU
		{A34A98B8-8674-4756-B767-A06091036359}.Debug|Any CPU.Build.0 = Debug|Any CPU
		{A34A98B8-8674-4756-B767-A06091036359}.Debug|x64.ActiveCfg = Debug|Any CPU
		{A34A98B8-8674-4756-B767-A06091036359}.Debug|x64.Build.0 = Debug|Any CPU
		{A34A98B8-8674-4756-B767-A06091036359}.Debug|x86.ActiveCfg = Debug|Any CPU
		{A34A98B8-8674-4756-B767-A06091036359}.Debug|x86.Build.0 = Debug|Any CPU
		{A34A98B8-8674-4756-B767-A06091036359}.Release|Any CPU.ActiveCfg = Release|Any CPU
		{A34A98B8-8674-4756-B767-A06091036359}.Release|Any CPU.Build.0 = Release|Any CPU
		{A34A98B8-8674-4756-B767-A06091036359}.Release|x64.ActiveCfg = Release|Any CPU
		{A34A98B8-8674-4756-B767-A06091036359}.Release|x64.Build.0 = Release|Any CPU
		{A34A98B8-8674-4756-B767-A06091036359}.Release|x86.ActiveCfg = Release|Any CPU
		{A34A98B8-8674-4756-B767-A06091036359}.Release|x86.Build.0 = Release|Any CPU
		{C60D2466-B84D-4469-9336-48C372850359}.Debug|Any CPU.ActiveCfg = Debug|Any CPU
		{C60D2466-B84D-4469-9336-48C372850359}.Debug|Any CPU.Build.0 = Debug|Any CPU
		{C60D2466-B84D-4469-9336-48C372850359}.Debug|x64.ActiveCfg = Debug|Any CPU
		{C60D2466-B84D-4469-9336-48C372850359}.Debug|x64.Build.0 = Debug|Any CPU
		{C60D2466-B84D-4469-9336-48C372850359}.Debug|x86.ActiveCfg = Debug|Any CPU
		{C60D2466-B84D-4469-9336-48C372850359}.Debug|x86.Build.0 = Debug|Any CPU
		{C60D2466-B84D-4469-9336-48C372850359}.Release|Any CPU.ActiveCfg = Release|Any CPU
		{C60D2466-B84D-4469-9336-48C372850359}.Release|Any CPU.Build.0 = Release|Any CPU
		{C60D2466-B84D-4469-9336-48C372850359}.Release|x64.ActiveCfg = Release|Any CPU
		{C60D2466-B84D-4469-9336-48C372850359}.Release|x64.Build.0 = Release|Any CPU
		{C60D2466-B84D-4469-9336-48C372850359}.Release|x86.ActiveCfg = Release|Any CPU
		{C60D2466-B84D-4469-9336-48C372850359}.Release|x86.Build.0 = Release|Any CPU
		{30D6E403-93B2-402C-A044-834FE143B8A3}.Debug|Any CPU.ActiveCfg = Debug|Any CPU
		{30D6E403-93B2-402C-A044-834FE143B8A3}.Debug|Any CPU.Build.0 = Debug|Any CPU
		{30D6E403-93B2-402C-A044-834FE143B8A3}.Debug|x64.ActiveCfg = Debug|Any CPU
		{30D6E403-93B2-402C-A044-834FE143B8A3}.Debug|x64.Build.0 = Debug|Any CPU
		{30D6E403-93B2-402C-A044-834FE143B8A3}.Debug|x86.ActiveCfg = Debug|Any CPU
		{30D6E403-93B2-402C-A044-834FE143B8A3}.Debug|x86.Build.0 = Debug|Any CPU
		{30D6E403-93B2-402C-A044-834FE143B8A3}.Release|Any CPU.ActiveCfg = Release|Any CPU
		{30D6E403-93B2-402C-A044-834FE143B8A3}.Release|Any CPU.Build.0 = Release|Any CPU
		{30D6E403-93B2-402C-A044-834FE143B8A3}.Release|x64.ActiveCfg = Release|Any CPU
		{30D6E403-93B2-402C-A044-834FE143B8A3}.Release|x64.Build.0 = Release|Any CPU
		{30D6E403-93B2-402C-A044-834FE143B8A3}.Release|x86.ActiveCfg = Release|Any CPU
		{30D6E403-93B2-402C-A044-834FE143B8A3}.Release|x86.Build.0 = Release|Any CPU
		{5A5D9A5D-55AC-423E-9940-DBE65B986A85}.Debug|Any CPU.ActiveCfg = Debug|Any CPU
		{5A5D9A5D-55AC-423E-9940-DBE65B986A85}.Debug|Any CPU.Build.0 = Debug|Any CPU
		{5A5D9A5D-55AC-423E-9940-DBE65B986A85}.Debug|x64.ActiveCfg = Debug|Any CPU
		{5A5D9A5D-55AC-423E-9940-DBE65B986A85}.Debug|x64.Build.0 = Debug|Any CPU
		{5A5D9A5D-55AC-423E-9940-DBE65B986A85}.Debug|x86.ActiveCfg = Debug|Any CPU
		{5A5D9A5D-55AC-423E-9940-DBE65B986A85}.Debug|x86.Build.0 = Debug|Any CPU
		{5A5D9A5D-55AC-423E-9940-DBE65B986A85}.Release|Any CPU.ActiveCfg = Release|Any CPU
		{5A5D9A5D-55AC-423E-9940-DBE65B986A85}.Release|Any CPU.Build.0 = Release|Any CPU
		{5A5D9A5D-55AC-423E-9940-DBE65B986A85}.Release|x64.ActiveCfg = Release|Any CPU
		{5A5D9A5D-55AC-423E-9940-DBE65B986A85}.Release|x64.Build.0 = Release|Any CPU
		{5A5D9A5D-55AC-423E-9940-DBE65B986A85}.Release|x86.ActiveCfg = Release|Any CPU
		{5A5D9A5D-55AC-423E-9940-DBE65B986A85}.Release|x86.Build.0 = Release|Any CPU
	EndGlobalSection
	GlobalSection(NestedProjects) = preSolution
		{A34A98B8-8674-4756-B767-A06091036359} = {36E32414-972A-4F3F-BE91-3B3EDAE1A46C}
		{C60D2466-B84D-4469-9336-48C372850359} = {90ACD439-BA67-469B-9106-012D45AAFC48}
		{30D6E403-93B2-402C-A044-834FE143B8A3} = {36E32414-972A-4F3F-BE91-3B3EDAE1A46C}
		{5A5D9A5D-55AC-423E-9940-DBE65B986A85} = {90ACD439-BA67-469B-9106-012D45AAFC48}
	EndGlobalSection
EndGlobal
